
Microsoft Visual Studio Solution File, Format Version 12.00
# Visual Studio 2013
VisualStudioVersion = 12.0.31101.0
MinimumVisualStudioVersion = 10.0.40219.1
Project("{9A19103F-16F7-4668-BE54-9A1E7A4F7556}") = "SC4Buddy", "SC4Buddy\SC4Buddy.csproj", "{CA16821A-BC90-4653-A0F6-B35DF6CE8F70}"
EndProject
Project("{9A19103F-16F7-4668-BE54-9A1E7A4F7556}") = "UnitTestProject", "UnitTestProject\UnitTestProject.csproj", "{A2D89F0D-4519-441F-8F6D-5BB32490664B}"
EndProject
Project("{9A19103F-16F7-4668-BE54-9A1E7A4F7556}") = "NiheiCommon", "NiheiCommon\NiheiCommon.csproj", "{43F9AF3F-D57D-421D-BA98-87FD499CA314}"
EndProject
Project("{2150E333-8FDC-42A3-9474-1A3956D46DE8}") = ".nuget", ".nuget", "{AAC17363-C292-42F8-9E16-0523F2F0825E}"
	ProjectSection(SolutionItems) = preProject
		.nuget\NuGet.Config = .nuget\NuGet.Config
		.nuget\NuGet.exe = .nuget\NuGet.exe
		.nuget\NuGet.targets = .nuget\NuGet.targets
	EndProjectSection
EndProject
Project("{2150E333-8FDC-42A3-9474-1A3956D46DE8}") = "Solution Items", "Solution Items", "{7E78A970-15EE-471F-AC1B-D840FE9E3E8B}"
	ProjectSection(SolutionItems) = preProject
		.gitignore = .gitignore
	EndProjectSection
EndProject
Project("{9A19103F-16F7-4668-BE54-9A1E7A4F7556}") = "BuddyServerApiClient", "BuddyServerApiClient\BuddyServerApiClient.csproj", "{D708A5BD-DB4C-4B5A-A703-FCBFBB8ABE4F}"
EndProject
Global
	GlobalSection(SolutionConfigurationPlatforms) = preSolution
		Debug|Any CPU = Debug|Any CPU
		Release|Any CPU = Release|Any CPU
	EndGlobalSection
	GlobalSection(ProjectConfigurationPlatforms) = postSolution
		{CA16821A-BC90-4653-A0F6-B35DF6CE8F70}.Debug|Any CPU.ActiveCfg = Debug|Any CPU
		{CA16821A-BC90-4653-A0F6-B35DF6CE8F70}.Debug|Any CPU.Build.0 = Debug|Any CPU
		{CA16821A-BC90-4653-A0F6-B35DF6CE8F70}.Release|Any CPU.ActiveCfg = Release|Any CPU
		{CA16821A-BC90-4653-A0F6-B35DF6CE8F70}.Release|Any CPU.Build.0 = Release|Any CPU
		{A2D89F0D-4519-441F-8F6D-5BB32490664B}.Debug|Any CPU.ActiveCfg = Debug|Any CPU
		{A2D89F0D-4519-441F-8F6D-5BB32490664B}.Debug|Any CPU.Build.0 = Debug|Any CPU
		{A2D89F0D-4519-441F-8F6D-5BB32490664B}.Release|Any CPU.ActiveCfg = Release|Any CPU
		{A2D89F0D-4519-441F-8F6D-5BB32490664B}.Release|Any CPU.Build.0 = Release|Any CPU
		{43F9AF3F-D57D-421D-BA98-87FD499CA314}.Debug|Any CPU.ActiveCfg = Debug|Any CPU
		{43F9AF3F-D57D-421D-BA98-87FD499CA314}.Debug|Any CPU.Build.0 = Debug|Any CPU
		{43F9AF3F-D57D-421D-BA98-87FD499CA314}.Release|Any CPU.ActiveCfg = Release|Any CPU
		{43F9AF3F-D57D-421D-BA98-87FD499CA314}.Release|Any CPU.Build.0 = Release|Any CPU
		{D708A5BD-DB4C-4B5A-A703-FCBFBB8ABE4F}.Debug|Any CPU.ActiveCfg = Debug|Any CPU
		{D708A5BD-DB4C-4B5A-A703-FCBFBB8ABE4F}.Debug|Any CPU.Build.0 = Debug|Any CPU
		{D708A5BD-DB4C-4B5A-A703-FCBFBB8ABE4F}.Release|Any CPU.ActiveCfg = Release|Any CPU
		{D708A5BD-DB4C-4B5A-A703-FCBFBB8ABE4F}.Release|Any CPU.Build.0 = Release|Any CPU
	EndGlobalSection
	GlobalSection(SolutionProperties) = preSolution
		HideSolutionNode = FALSE
	EndGlobalSection
EndGlobal
