
Microsoft Visual Studio Solution File, Format Version 12.00
# Visual Studio Version 17
VisualStudioVersion = 17.0.31903.59
MinimumVisualStudioVersion = 10.0.40219.1
Project("{FAE04EC0-301F-11D3-BF4B-00C04F79EFBC}") = "SimCity4.ModManager", "src\SimCity4.ModManager\SimCity4.ModManager.csproj", "{7CCC7A2A-1139-4E3B-B23B-3A76C84F74A1}"
EndProject
Project("{2150E333-8FDC-42A3-9474-1A3956D46DE8}") = "src", "src", "{B9A193BD-CE38-4192-8AF3-5D6E2B2A9153}"
EndProject
Project("{FAE04EC0-301F-11D3-BF4B-00C04F79EFBC}") = "SimCity4.ModManager.Domain", "src\SimCity4.ModManager.Domain\SimCity4.ModManager.Domain.csproj", "{F096376B-F140-423A-A253-6A8DD03C9B2C}"
EndProject
Global
	GlobalSection(SolutionConfigurationPlatforms) = preSolution
		Debug|Any CPU = Debug|Any CPU
		Release|Any CPU = Release|Any CPU
	EndGlobalSection
	GlobalSection(SolutionProperties) = preSolution
		HideSolutionNode = FALSE
	EndGlobalSection
	GlobalSection(ProjectConfigurationPlatforms) = postSolution
		{7CCC7A2A-1139-4E3B-B23B-3A76C84F74A1}.Debug|Any CPU.ActiveCfg = Debug|Any CPU
		{7CCC7A2A-1139-4E3B-B23B-3A76C84F74A1}.Debug|Any CPU.Build.0 = Debug|Any CPU
		{7CCC7A2A-1139-4E3B-B23B-3A76C84F74A1}.Release|Any CPU.ActiveCfg = Release|Any CPU
		{7CCC7A2A-1139-4E3B-B23B-3A76C84F74A1}.Release|Any CPU.Build.0 = Release|Any CPU
		{F096376B-F140-423A-A253-6A8DD03C9B2C}.Debug|Any CPU.ActiveCfg = Debug|Any CPU
		{F096376B-F140-423A-A253-6A8DD03C9B2C}.Debug|Any CPU.Build.0 = Debug|Any CPU
		{F096376B-F140-423A-A253-6A8DD03C9B2C}.Release|Any CPU.ActiveCfg = Release|Any CPU
		{F096376B-F140-423A-A253-6A8DD03C9B2C}.Release|Any CPU.Build.0 = Release|Any CPU
	EndGlobalSection
	GlobalSection(NestedProjects) = preSolution
		{F096376B-F140-423A-A253-6A8DD03C9B2C} = {B9A193BD-CE38-4192-8AF3-5D6E2B2A9153}
		{7CCC7A2A-1139-4E3B-B23B-3A76C84F74A1} = {B9A193BD-CE38-4192-8AF3-5D6E2B2A9153}
	EndGlobalSection
EndGlobal
